
Microsoft Visual Studio Solution File, Format Version 12.00
# Visual Studio Version 16
VisualStudioVersion = 16.0.29926.136
MinimumVisualStudioVersion = 10.0.40219.1
Project("{FAE04EC0-301F-11D3-BF4B-00C04F79EFBC}") = "TBFlash.LongEscalator", "TBFlash.LongEscalator.csproj", "{BAF94646-3B94-4E57-98C2-CC1854F9B189}"
EndProject
Global
	GlobalSection(SolutionConfigurationPlatforms) = preSolution
		Debug|Any CPU = Debug|Any CPU
		Release|Any CPU = Release|Any CPU
	EndGlobalSection
	GlobalSection(ProjectConfigurationPlatforms) = postSolution
		{BAF94646-3B94-4E57-98C2-CC1854F9B189}.Debug|Any CPU.ActiveCfg = Debug|Any CPU
		{BAF94646-3B94-4E57-98C2-CC1854F9B189}.Debug|Any CPU.Build.0 = Debug|Any CPU
		{BAF94646-3B94-4E57-98C2-CC1854F9B189}.Release|Any CPU.ActiveCfg = Release|Any CPU
		{BAF94646-3B94-4E57-98C2-CC1854F9B189}.Release|Any CPU.Build.0 = Release|Any CPU
	EndGlobalSection
	GlobalSection(SolutionProperties) = preSolution
		HideSolutionNode = FALSE
	EndGlobalSection
	GlobalSection(ExtensibilityGlobals) = postSolution
		SolutionGuid = {1CF92A3B-0495-4CFD-879B-602F33CAB559}
	EndGlobalSection
EndGlobal
